// !$*UTF8*$!
{
	archiveVersion = 1;
	classes = {
	};
	objectVersion = 48;
	objects = {

/* Begin PBXBuildFile section */
		15BDBF1B2088B82C00278711 /* AppDelegate.swift in Sources */ = {isa = PBXBuildFile; fileRef = 15BDBF1A2088B82C00278711 /* AppDelegate.swift */; };
		15BDBF1D2088B82C00278711 /* ViewController.swift in Sources */ = {isa = PBXBuildFile; fileRef = 15BDBF1C2088B82C00278711 /* ViewController.swift */; };
		15BDBF202088B82C00278711 /* Main.storyboard in Resources */ = {isa = PBXBuildFile; fileRef = 15BDBF1E2088B82C00278711 /* Main.storyboard */; };
		15BDBF222088B82C00278711 /* Assets.xcassets in Resources */ = {isa = PBXBuildFile; fileRef = 15BDBF212088B82C00278711 /* Assets.xcassets */; };
		15BDBF252088B82C00278711 /* LaunchScreen.storyboard in Resources */ = {isa = PBXBuildFile; fileRef = 15BDBF232088B82C00278711 /* LaunchScreen.storyboard */; };
		15BDBF302088B82C00278711 /* Apple_PieTests.swift in Sources */ = {isa = PBXBuildFile; fileRef = 15BDBF2F2088B82C00278711 /* Apple_PieTests.swift */; };
		15BDBF3B2088B82C00278711 /* Apple_PieUITests.swift in Sources */ = {isa = PBXBuildFile; fileRef = 15BDBF3A2088B82C00278711 /* Apple_PieUITests.swift */; };
		15BDBF492088C92100278711 /* Game.swift in Sources */ = {isa = PBXBuildFile; fileRef = 15BDBF482088C92100278711 /* Game.swift */; };
/* End PBXBuildFile section */

/* Begin PBXContainerItemProxy section */
		15BDBF2C2088B82C00278711 /* PBXContainerItemProxy */ = {
			isa = PBXContainerItemProxy;
			containerPortal = 15BDBF0F2088B82B00278711 /* Project object */;
			proxyType = 1;
			remoteGlobalIDString = 15BDBF162088B82C00278711;
			remoteInfo = "Apple Pie";
		};
		15BDBF372088B82C00278711 /* PBXContainerItemProxy */ = {
			isa = PBXContainerItemProxy;
			containerPortal = 15BDBF0F2088B82B00278711 /* Project object */;
			proxyType = 1;
			remoteGlobalIDString = 15BDBF162088B82C00278711;
			remoteInfo = "Apple Pie";
		};
/* End PBXContainerItemProxy section */

/* Begin PBXFileReference section */
		15BDBF172088B82C00278711 /* Apple Pie.app */ = {isa = PBXFileReference; explicitFileType = wrapper.application; includeInIndex = 0; path = "Apple Pie.app"; sourceTree = BUILT_PRODUCTS_DIR; };
		15BDBF1A2088B82C00278711 /* AppDelegate.swift */ = {isa = PBXFileReference; lastKnownFileType = sourcecode.swift; path = AppDelegate.swift; sourceTree = "<group>"; };
		15BDBF1C2088B82C00278711 /* ViewController.swift */ = {isa = PBXFileReference; lastKnownFileType = sourcecode.swift; path = ViewController.swift; sourceTree = "<group>"; };
		15BDBF1F2088B82C00278711 /* Base */ = {isa = PBXFileReference; lastKnownFileType = file.storyboard; name = Base; path = Base.lproj/Main.storyboard; sourceTree = "<group>"; };
		15BDBF212088B82C00278711 /* Assets.xcassets */ = {isa = PBXFileReference; lastKnownFileType = folder.assetcatalog; path = Assets.xcassets; sourceTree = "<group>"; };
		15BDBF242088B82C00278711 /* Base */ = {isa = PBXFileReference; lastKnownFileType = file.storyboard; name = Base; path = Base.lproj/LaunchScreen.storyboard; sourceTree = "<group>"; };
		15BDBF262088B82C00278711 /* Info.plist */ = {isa = PBXFileReference; lastKnownFileType = text.plist.xml; path = Info.plist; sourceTree = "<group>"; };
		15BDBF2B2088B82C00278711 /* Apple PieTests.xctest */ = {isa = PBXFileReference; explicitFileType = wrapper.cfbundle; includeInIndex = 0; path = "Apple PieTests.xctest"; sourceTree = BUILT_PRODUCTS_DIR; };
		15BDBF2F2088B82C00278711 /* Apple_PieTests.swift */ = {isa = PBXFileReference; lastKnownFileType = sourcecode.swift; path = Apple_PieTests.swift; sourceTree = "<group>"; };
		15BDBF312088B82C00278711 /* Info.plist */ = {isa = PBXFileReference; lastKnownFileType = text.plist.xml; path = Info.plist; sourceTree = "<group>"; };
		15BDBF362088B82C00278711 /* Apple PieUITests.xctest */ = {isa = PBXFileReference; explicitFileType = wrapper.cfbundle; includeInIndex = 0; path = "Apple PieUITests.xctest"; sourceTree = BUILT_PRODUCTS_DIR; };
		15BDBF3A2088B82C00278711 /* Apple_PieUITests.swift */ = {isa = PBXFileReference; lastKnownFileType = sourcecode.swift; path = Apple_PieUITests.swift; sourceTree = "<group>"; };
		15BDBF3C2088B82C00278711 /* Info.plist */ = {isa = PBXFileReference; lastKnownFileType = text.plist.xml; path = Info.plist; sourceTree = "<group>"; };
		15BDBF482088C92100278711 /* Game.swift */ = {isa = PBXFileReference; lastKnownFileType = sourcecode.swift; path = Game.swift; sourceTree = "<group>"; };
/* End PBXFileReference section */

/* Begin PBXFrameworksBuildPhase section */
		15BDBF142088B82C00278711 /* Frameworks */ = {
			isa = PBXFrameworksBuildPhase;
			buildActionMask = 2147483647;
			files = (
			);
			runOnlyForDeploymentPostprocessing = 0;
		};
		15BDBF282088B82C00278711 /* Frameworks */ = {
			isa = PBXFrameworksBuildPhase;
			buildActionMask = 2147483647;
			files = (
			);
			runOnlyForDeploymentPostprocessing = 0;
		};
		15BDBF332088B82C00278711 /* Frameworks */ = {
			isa = PBXFrameworksBuildPhase;
			buildActionMask = 2147483647;
			files = (
			);
			runOnlyForDeploymentPostprocessing = 0;
		};
/* End PBXFrameworksBuildPhase section */

/* Begin PBXGroup section */
		15BDBF0E2088B82B00278711 = {
			isa = PBXGroup;
			children = (
				15BDBF192088B82C00278711 /* Apple Pie */,
				15BDBF2E2088B82C00278711 /* Apple PieTests */,
				15BDBF392088B82C00278711 /* Apple PieUITests */,
				15BDBF182088B82C00278711 /* Products */,
			);
			sourceTree = "<group>";
		};
		15BDBF182088B82C00278711 /* Products */ = {
			isa = PBXGroup;
			children = (
				15BDBF172088B82C00278711 /* Apple Pie.app */,
				15BDBF2B2088B82C00278711 /* Apple PieTests.xctest */,
				15BDBF362088B82C00278711 /* Apple PieUITests.xctest */,
			);
			name = Products;
			sourceTree = "<group>";
		};
		15BDBF192088B82C00278711 /* Apple Pie */ = {
			isa = PBXGroup;
			children = (
				15BDBF1A2088B82C00278711 /* AppDelegate.swift */,
				15BDBF1C2088B82C00278711 /* ViewController.swift */,
				15BDBF1E2088B82C00278711 /* Main.storyboard */,
				15BDBF482088C92100278711 /* Game.swift */,
				15BDBF212088B82C00278711 /* Assets.xcassets */,
				15BDBF232088B82C00278711 /* LaunchScreen.storyboard */,
				15BDBF262088B82C00278711 /* Info.plist */,
			);
			path = "Apple Pie";
			sourceTree = "<group>";
		};
		15BDBF2E2088B82C00278711 /* Apple PieTests */ = {
			isa = PBXGroup;
			children = (
				15BDBF2F2088B82C00278711 /* Apple_PieTests.swift */,
				15BDBF312088B82C00278711 /* Info.plist */,
			);
			path = "Apple PieTests";
			sourceTree = "<group>";
		};
		15BDBF392088B82C00278711 /* Apple PieUITests */ = {
			isa = PBXGroup;
			children = (
				15BDBF3A2088B82C00278711 /* Apple_PieUITests.swift */,
				15BDBF3C2088B82C00278711 /* Info.plist */,
			);
			path = "Apple PieUITests";
			sourceTree = "<group>";
		};
/* End PBXGroup section */

/* Begin PBXNativeTarget section */
		15BDBF162088B82C00278711 /* Apple Pie */ = {
			isa = PBXNativeTarget;
			buildConfigurationList = 15BDBF3F2088B82C00278711 /* Build configuration list for PBXNativeTarget "Apple Pie" */;
			buildPhases = (
				15BDBF132088B82C00278711 /* Sources */,
				15BDBF142088B82C00278711 /* Frameworks */,
				15BDBF152088B82C00278711 /* Resources */,
			);
			buildRules = (
			);
			dependencies = (
			);
			name = "Apple Pie";
			productName = "Apple Pie";
			productReference = 15BDBF172088B82C00278711 /* Apple Pie.app */;
			productType = "com.apple.product-type.application";
		};
		15BDBF2A2088B82C00278711 /* Apple PieTests */ = {
			isa = PBXNativeTarget;
			buildConfigurationList = 15BDBF422088B82C00278711 /* Build configuration list for PBXNativeTarget "Apple PieTests" */;
			buildPhases = (
				15BDBF272088B82C00278711 /* Sources */,
				15BDBF282088B82C00278711 /* Frameworks */,
				15BDBF292088B82C00278711 /* Resources */,
			);
			buildRules = (
			);
			dependencies = (
				15BDBF2D2088B82C00278711 /* PBXTargetDependency */,
			);
			name = "Apple PieTests";
			productName = "Apple PieTests";
			productReference = 15BDBF2B2088B82C00278711 /* Apple PieTests.xctest */;
			productType = "com.apple.product-type.bundle.unit-test";
		};
		15BDBF352088B82C00278711 /* Apple PieUITests */ = {
			isa = PBXNativeTarget;
			buildConfigurationList = 15BDBF452088B82C00278711 /* Build configuration list for PBXNativeTarget "Apple PieUITests" */;
			buildPhases = (
				15BDBF322088B82C00278711 /* Sources */,
				15BDBF332088B82C00278711 /* Frameworks */,
				15BDBF342088B82C00278711 /* Resources */,
			);
			buildRules = (
			);
			dependencies = (
				15BDBF382088B82C00278711 /* PBXTargetDependency */,
			);
			name = "Apple PieUITests";
			productName = "Apple PieUITests";
			productReference = 15BDBF362088B82C00278711 /* Apple PieUITests.xctest */;
			productType = "com.apple.product-type.bundle.ui-testing";
		};
/* End PBXNativeTarget section */

/* Begin PBXProject section */
		15BDBF0F2088B82B00278711 /* Project object */ = {
			isa = PBXProject;
			attributes = {
				LastSwiftUpdateCheck = 0920;
				LastUpgradeCheck = 0920;
				ORGANIZATIONNAME = "Philine Wairata";
				TargetAttributes = {
					15BDBF162088B82C00278711 = {
						CreatedOnToolsVersion = 9.2;
						ProvisioningStyle = Automatic;
					};
					15BDBF2A2088B82C00278711 = {
						CreatedOnToolsVersion = 9.2;
						ProvisioningStyle = Automatic;
						TestTargetID = 15BDBF162088B82C00278711;
					};
					15BDBF352088B82C00278711 = {
						CreatedOnToolsVersion = 9.2;
						ProvisioningStyle = Automatic;
						TestTargetID = 15BDBF162088B82C00278711;
					};
				};
			};
			buildConfigurationList = 15BDBF122088B82B00278711 /* Build configuration list for PBXProject "Apple Pie" */;
			compatibilityVersion = "Xcode 8.0";
			developmentRegion = en;
			hasScannedForEncodings = 0;
			knownRegions = (
				en,
				Base,
			);
			mainGroup = 15BDBF0E2088B82B00278711;
			productRefGroup = 15BDBF182088B82C00278711 /* Products */;
			projectDirPath = "";
			projectRoot = "";
			targets = (
				15BDBF162088B82C00278711 /* Apple Pie */,
				15BDBF2A2088B82C00278711 /* Apple PieTests */,
				15BDBF352088B82C00278711 /* Apple PieUITests */,
			);
		};
/* End PBXProject section */

/* Begin PBXResourcesBuildPhase section */
		15BDBF152088B82C00278711 /* Resources */ = {
			isa = PBXResourcesBuildPhase;
			buildActionMask = 2147483647;
			files = (
				15BDBF252088B82C00278711 /* LaunchScreen.storyboard in Resources */,
				15BDBF222088B82C00278711 /* Assets.xcassets in Resources */,
				15BDBF202088B82C00278711 /* Main.storyboard in Resources */,
			);
			runOnlyForDeploymentPostprocessing = 0;
		};
		15BDBF292088B82C00278711 /* Resources */ = {
			isa = PBXResourcesBuildPhase;
			buildActionMask = 2147483647;
			files = (
			);
			runOnlyForDeploymentPostprocessing = 0;
		};
		15BDBF342088B82C00278711 /* Resources */ = {
			isa = PBXResourcesBuildPhase;
			buildActionMask = 2147483647;
			files = (
			);
			runOnlyForDeploymentPostprocessing = 0;
		};
/* End PBXResourcesBuildPhase section */

/* Begin PBXSourcesBuildPhase section */
		15BDBF132088B82C00278711 /* Sources */ = {
			isa = PBXSourcesBuildPhase;
			buildActionMask = 2147483647;
			files = (
				15BDBF1D2088B82C00278711 /* ViewController.swift in Sources */,
				15BDBF492088C92100278711 /* Game.swift in Sources */,
				15BDBF1B2088B82C00278711 /* AppDelegate.swift in Sources */,
			);
			runOnlyForDeploymentPostprocessing = 0;
		};
		15BDBF272088B82C00278711 /* Sources */ = {
			isa = PBXSourcesBuildPhase;
			buildActionMask = 2147483647;
			files = (
				15BDBF302088B82C00278711 /* Apple_PieTests.swift in Sources */,
			);
			runOnlyForDeploymentPostprocessing = 0;
		};
		15BDBF322088B82C00278711 /* Sources */ = {
			isa = PBXSourcesBuildPhase;
			buildActionMask = 2147483647;
			files = (
				15BDBF3B2088B82C00278711 /* Apple_PieUITests.swift in Sources */,
			);
			runOnlyForDeploymentPostprocessing = 0;
		};
/* End PBXSourcesBuildPhase section */

/* Begin PBXTargetDependency section */
		15BDBF2D2088B82C00278711 /* PBXTargetDependency */ = {
			isa = PBXTargetDependency;
			target = 15BDBF162088B82C00278711 /* Apple Pie */;
			targetProxy = 15BDBF2C2088B82C00278711 /* PBXContainerItemProxy */;
		};
		15BDBF382088B82C00278711 /* PBXTargetDependency */ = {
			isa = PBXTargetDependency;
			target = 15BDBF162088B82C00278711 /* Apple Pie */;
			targetProxy = 15BDBF372088B82C00278711 /* PBXContainerItemProxy */;
		};
/* End PBXTargetDependency section */

/* Begin PBXVariantGroup section */
		15BDBF1E2088B82C00278711 /* Main.storyboard */ = {
			isa = PBXVariantGroup;
			children = (
				15BDBF1F2088B82C00278711 /* Base */,
			);
			name = Main.storyboard;
			sourceTree = "<group>";
		};
		15BDBF232088B82C00278711 /* LaunchScreen.storyboard */ = {
			isa = PBXVariantGroup;
			children = (
				15BDBF242088B82C00278711 /* Base */,
			);
			name = LaunchScreen.storyboard;
			sourceTree = "<group>";
		};
/* End PBXVariantGroup section */

/* Begin XCBuildConfiguration section */
		15BDBF3D2088B82C00278711 /* Debug */ = {
			isa = XCBuildConfiguration;
			buildSettings = {
				ALWAYS_SEARCH_USER_PATHS = NO;
				CLANG_ANALYZER_NONNULL = YES;
				CLANG_ANALYZER_NUMBER_OBJECT_CONVERSION = YES_AGGRESSIVE;
				CLANG_CXX_LANGUAGE_STANDARD = "gnu++14";
				CLANG_CXX_LIBRARY = "libc++";
				CLANG_ENABLE_MODULES = YES;
				CLANG_ENABLE_OBJC_ARC = YES;
				CLANG_WARN_BLOCK_CAPTURE_AUTORELEASING = YES;
				CLANG_WARN_BOOL_CONVERSION = YES;
				CLANG_WARN_COMMA = YES;
				CLANG_WARN_CONSTANT_CONVERSION = YES;
				CLANG_WARN_DIRECT_OBJC_ISA_USAGE = YES_ERROR;
				CLANG_WARN_DOCUMENTATION_COMMENTS = YES;
				CLANG_WARN_EMPTY_BODY = YES;
				CLANG_WARN_ENUM_CONVERSION = YES;
				CLANG_WARN_INFINITE_RECURSION = YES;
				CLANG_WARN_INT_CONVERSION = YES;
				CLANG_WARN_NON_LITERAL_NULL_CONVERSION = YES;
				CLANG_WARN_OBJC_LITERAL_CONVERSION = YES;
				CLANG_WARN_OBJC_ROOT_CLASS = YES_ERROR;
				CLANG_WARN_RANGE_LOOP_ANALYSIS = YES;
				CLANG_WARN_STRICT_PROTOTYPES = YES;
				CLANG_WARN_SUSPICIOUS_MOVE = YES;
				CLANG_WARN_UNGUARDED_AVAILABILITY = YES_AGGRESSIVE;
				CLANG_WARN_UNREACHABLE_CODE = YES;
				CLANG_WARN__DUPLICATE_METHOD_MATCH = YES;
				CODE_SIGN_IDENTITY = "iPhone Developer";
				COPY_PHASE_STRIP = NO;
				DEBUG_INFORMATION_FORMAT = dwarf;
				ENABLE_STRICT_OBJC_MSGSEND = YES;
				ENABLE_TESTABILITY = YES;
				GCC_C_LANGUAGE_STANDARD = gnu11;
				GCC_DYNAMIC_NO_PIC = NO;
				GCC_NO_COMMON_BLOCKS = YES;
				GCC_OPTIMIZATION_LEVEL = 0;
				GCC_PREPROCESSOR_DEFINITIONS = (
					"DEBUG=1",
					"$(inherited)",
				);
				GCC_WARN_64_TO_32_BIT_CONVERSION = YES;
				GCC_WARN_ABOUT_RETURN_TYPE = YES_ERROR;
				GCC_WARN_UNDECLARED_SELECTOR = YES;
				GCC_WARN_UNINITIALIZED_AUTOS = YES_AGGRESSIVE;
				GCC_WARN_UNUSED_FUNCTION = YES;
				GCC_WARN_UNUSED_VARIABLE = YES;
				IPHONEOS_DEPLOYMENT_TARGET = 11.2;
				MTL_ENABLE_DEBUG_INFO = YES;
				ONLY_ACTIVE_ARCH = YES;
				SDKROOT = iphoneos;
				SWIFT_ACTIVE_COMPILATION_CONDITIONS = DEBUG;
				SWIFT_OPTIMIZATION_LEVEL = "-Onone";
			};
			name = Debug;
		};
		15BDBF3E2088B82C00278711 /* Release */ = {
			isa = XCBuildConfiguration;
			buildSettings = {
				ALWAYS_SEARCH_USER_PATHS = NO;
				CLANG_ANALYZER_NONNULL = YES;
				CLANG_ANALYZER_NUMBER_OBJECT_CONVERSION = YES_AGGRESSIVE;
				CLANG_CXX_LANGUAGE_STANDARD = "gnu++14";
				CLANG_CXX_LIBRARY = "libc++";
				CLANG_ENABLE_MODULES = YES;
				CLANG_ENABLE_OBJC_ARC = YES;
				CLANG_WARN_BLOCK_CAPTURE_AUTORELEASING = YES;
				CLANG_WARN_BOOL_CONVERSION = YES;
				CLANG_WARN_COMMA = YES;
				CLANG_WARN_CONSTANT_CONVERSION = YES;
				CLANG_WARN_DIRECT_OBJC_ISA_USAGE = YES_ERROR;
				CLANG_WARN_DOCUMENTATION_COMMENTS = YES;
				CLANG_WARN_EMPTY_BODY = YES;
				CLANG_WARN_ENUM_CONVERSION = YES;
				CLANG_WARN_INFINITE_RECURSION = YES;
				CLANG_WARN_INT_CONVERSION = YES;
				CLANG_WARN_NON_LITERAL_NULL_CONVERSION = YES;
				CLANG_WARN_OBJC_LITERAL_CONVERSION = YES;
				CLANG_WARN_OBJC_ROOT_CLASS = YES_ERROR;
				CLANG_WARN_RANGE_LOOP_ANALYSIS = YES;
				CLANG_WARN_STRICT_PROTOTYPES = YES;
				CLANG_WARN_SUSPICIOUS_MOVE = YES;
				CLANG_WARN_UNGUARDED_AVAILABILITY = YES_AGGRESSIVE;
				CLANG_WARN_UNREACHABLE_CODE = YES;
				CLANG_WARN__DUPLICATE_METHOD_MATCH = YES;
				CODE_SIGN_IDENTITY = "iPhone Developer";
				COPY_PHASE_STRIP = NO;
				DEBUG_INFORMATION_FORMAT = "dwarf-with-dsym";
				ENABLE_NS_ASSERTIONS = NO;
				ENABLE_STRICT_OBJC_MSGSEND = YES;
				GCC_C_LANGUAGE_STANDARD = gnu11;
				GCC_NO_COMMON_BLOCKS = YES;
				GCC_WARN_64_TO_32_BIT_CONVERSION = YES;
				GCC_WARN_ABOUT_RETURN_TYPE = YES_ERROR;
				GCC_WARN_UNDECLARED_SELECTOR = YES;
				GCC_WARN_UNINITIALIZED_AUTOS = YES_AGGRESSIVE;
				GCC_WARN_UNUSED_FUNCTION = YES;
				GCC_WARN_UNUSED_VARIABLE = YES;
				IPHONEOS_DEPLOYMENT_TARGET = 11.2;
				MTL_ENABLE_DEBUG_INFO = NO;
				SDKROOT = iphoneos;
				SWIFT_OPTIMIZATION_LEVEL = "-Owholemodule";
				VALIDATE_PRODUCT = YES;
			};
			name = Release;
		};
		15BDBF402088B82C00278711 /* Debug */ = {
			isa = XCBuildConfiguration;
			buildSettings = {
				ASSETCATALOG_COMPILER_APPICON_NAME = AppIcon;
				CODE_SIGN_STYLE = Automatic;
				DEVELOPMENT_TEAM = 62Q48WQBH7;
				INFOPLIST_FILE = "Apple Pie/Info.plist";
				LD_RUNPATH_SEARCH_PATHS = "$(inherited) @executable_path/Frameworks";
				PRODUCT_BUNDLE_IDENTIFIER = "com.Apple-Pie.identifier";
				PRODUCT_NAME = "$(TARGET_NAME)";
				SWIFT_VERSION = 4.0;
				TARGETED_DEVICE_FAMILY = 2;
			};
			name = Debug;
		};
		15BDBF412088B82C00278711 /* Release */ = {
			isa = XCBuildConfiguration;
			buildSettings = {
				ASSETCATALOG_COMPILER_APPICON_NAME = AppIcon;
				CODE_SIGN_STYLE = Automatic;
				DEVELOPMENT_TEAM = 62Q48WQBH7;
				INFOPLIST_FILE = "Apple Pie/Info.plist";
				LD_RUNPATH_SEARCH_PATHS = "$(inherited) @executable_path/Frameworks";
				PRODUCT_BUNDLE_IDENTIFIER = "com.Apple-Pie.identifier";
				PRODUCT_NAME = "$(TARGET_NAME)";
				SWIFT_VERSION = 4.0;
				TARGETED_DEVICE_FAMILY = 2;
			};
			name = Release;
		};
		15BDBF432088B82C00278711 /* Debug */ = {
			isa = XCBuildConfiguration;
			buildSettings = {
				ALWAYS_EMBED_SWIFT_STANDARD_LIBRARIES = YES;
				BUNDLE_LOADER = "$(TEST_HOST)";
				CODE_SIGN_STYLE = Automatic;
				INFOPLIST_FILE = "Apple PieTests/Info.plist";
				LD_RUNPATH_SEARCH_PATHS = "$(inherited) @executable_path/Frameworks @loader_path/Frameworks";
				PRODUCT_BUNDLE_IDENTIFIER = "com.example.Apple-PieTests";
				PRODUCT_NAME = "$(TARGET_NAME)";
				SWIFT_VERSION = 4.0;
				TARGETED_DEVICE_FAMILY = "1,2";
				TEST_HOST = "$(BUILT_PRODUCTS_DIR)/Apple Pie.app/Apple Pie";
			};
			name = Debug;
		};
		15BDBF442088B82C00278711 /* Release */ = {
			isa = XCBuildConfiguration;
			buildSettings = {
				ALWAYS_EMBED_SWIFT_STANDARD_LIBRARIES = YES;
				BUNDLE_LOADER = "$(TEST_HOST)";
				CODE_SIGN_STYLE = Automatic;
				INFOPLIST_FILE = "Apple PieTests/Info.plist";
				LD_RUNPATH_SEARCH_PATHS = "$(inherited) @executable_path/Frameworks @loader_path/Frameworks";
				PRODUCT_BUNDLE_IDENTIFIER = "com.example.Apple-PieTests";
				PRODUCT_NAME = "$(TARGET_NAME)";
				SWIFT_VERSION = 4.0;
				TARGETED_DEVICE_FAMILY = "1,2";
				TEST_HOST = "$(BUILT_PRODUCTS_DIR)/Apple Pie.app/Apple Pie";
			};
			name = Release;
		};
		15BDBF462088B82C00278711 /* Debug */ = {
			isa = XCBuildConfiguration;
			buildSettings = {
				ALWAYS_EMBED_SWIFT_STANDARD_LIBRARIES = YES;
				CODE_SIGN_STYLE = Automatic;
				INFOPLIST_FILE = "Apple PieUITests/Info.plist";
				LD_RUNPATH_SEARCH_PATHS = "$(inherited) @executable_path/Frameworks @loader_path/Frameworks";
				PRODUCT_BUNDLE_IDENTIFIER = "com.example.Apple-PieUITests";
				PRODUCT_NAME = "$(TARGET_NAME)";
				SWIFT_VERSION = 4.0;
				TARGETED_DEVICE_FAMILY = "1,2";
				TEST_TARGET_NAME = "Apple Pie";
			};
			name = Debug;
		};
		15BDBF472088B82C00278711 /* Release */ = {
			isa = XCBuildConfiguration;
			buildSettings = {
				ALWAYS_EMBED_SWIFT_STANDARD_LIBRARIES = YES;
				CODE_SIGN_STYLE = Automatic;
				INFOPLIST_FILE = "Apple PieUITests/Info.plist";
				LD_RUNPATH_SEARCH_PATHS = "$(inherited) @executable_path/Frameworks @loader_path/Frameworks";
				PRODUCT_BUNDLE_IDENTIFIER = "com.example.Apple-PieUITests";
				PRODUCT_NAME = "$(TARGET_NAME)";
				SWIFT_VERSION = 4.0;
				TARGETED_DEVICE_FAMILY = "1,2";
				TEST_TARGET_NAME = "Apple Pie";
			};
			name = Release;
		};
/* End XCBuildConfiguration section */

/* Begin XCConfigurationList section */
		15BDBF122088B82B00278711 /* Build configuration list for PBXProject "Apple Pie" */ = {
			isa = XCConfigurationList;
			buildConfigurations = (
				15BDBF3D2088B82C00278711 /* Debug */,
				15BDBF3E2088B82C00278711 /* Release */,
			);
			defaultConfigurationIsVisible = 0;
			defaultConfigurationName = Release;
		};
		15BDBF3F2088B82C00278711 /* Build configuration list for PBXNativeTarget "Apple Pie" */ = {
			isa = XCConfigurationList;
			buildConfigurations = (
				15BDBF402088B82C00278711 /* Debug */,
				15BDBF412088B82C00278711 /* Release */,
			);
			defaultConfigurationIsVisible = 0;
			defaultConfigurationName = Release;
		};
		15BDBF422088B82C00278711 /* Build configuration list for PBXNativeTarget "Apple PieTests" */ = {
			isa = XCConfigurationList;
			buildConfigurations = (
				15BDBF432088B82C00278711 /* Debug */,
				15BDBF442088B82C00278711 /* Release */,
			);
			defaultConfigurationIsVisible = 0;
			defaultConfigurationName = Release;
		};
		15BDBF452088B82C00278711 /* Build configuration list for PBXNativeTarget "Apple PieUITests" */ = {
			isa = XCConfigurationList;
			buildConfigurations = (
				15BDBF462088B82C00278711 /* Debug */,
				15BDBF472088B82C00278711 /* Release */,
			);
			defaultConfigurationIsVisible = 0;
			defaultConfigurationName = Release;
		};
/* End XCConfigurationList section */
	};
	rootObject = 15BDBF0F2088B82B00278711 /* Project object */;
}
